
Microsoft Visual Studio Solution File, Format Version 12.00
# Visual Studio Version 17
VisualStudioVersion = 17.10.35122.118
MinimumVisualStudioVersion = 10.0.40219.1
Project("{9A19103F-16F7-4668-BE54-9A1E7A4F7556}") = "TiposDeDados1", "TiposDeDados1\TiposDeDados1.csproj", "{81D1CEE8-5C8D-4FE8-81A0-7FADE52FC482}"
EndProject
Project("{9A19103F-16F7-4668-BE54-9A1E7A4F7556}") = "TiposDeDados2", "TiposDeDados2\TiposDeDados2.csproj", "{AEF49593-21F4-4FD0-BDDE-53FDE3658F4B}"
EndProject
Project("{FAE04EC0-301F-11D3-BF4B-00C04F79EFBC}") = "TiposDeDados3", "TiposDeDados3\TiposDeDados3.csproj", "{CAA5B967-6B1C-4468-8FF7-4BCE3D38087E}"
EndProject
Project("{FAE04EC0-301F-11D3-BF4B-00C04F79EFBC}") = "TiposDeDados4", "TiposDeDados4\TiposDeDados4.csproj", "{5F0AAF8C-9147-4F61-8D1B-8C6D80F8C659}"
EndProject
Project("{FAE04EC0-301F-11D3-BF4B-00C04F79EFBC}") = "TipoDateTime1", "TipoDateTime1\TipoDateTime1.csproj", "{0AF4C9FA-B9D4-481F-A488-0F7CCFB31C2B}"
EndProject
Project("{FAE04EC0-301F-11D3-BF4B-00C04F79EFBC}") = "TipoDateTime2", "TipoDateTime2\TipoDateTime2.csproj", "{D1A7895C-D8EA-4A1D-A1C5-767BEEFD784E}"
EndProject
Project("{FAE04EC0-301F-11D3-BF4B-00C04F79EFBC}") = "NullableTypes1", "NullableTypes1\NullableTypes1.csproj", "{F9F6850B-B3B9-4EF2-9E5F-0BE592A02CC9}"
EndProject
Project("{FAE04EC0-301F-11D3-BF4B-00C04F79EFBC}") = "Identificadores", "Identificadores\Identificadores.csproj", "{23820A43-7446-4424-9B4C-F21CEE755B16}"
EndProject
Global
	GlobalSection(SolutionConfigurationPlatforms) = preSolution
		Debug|Any CPU = Debug|Any CPU
		Release|Any CPU = Release|Any CPU
	EndGlobalSection
	GlobalSection(ProjectConfigurationPlatforms) = postSolution
		{81D1CEE8-5C8D-4FE8-81A0-7FADE52FC482}.Debug|Any CPU.ActiveCfg = Debug|Any CPU
		{81D1CEE8-5C8D-4FE8-81A0-7FADE52FC482}.Debug|Any CPU.Build.0 = Debug|Any CPU
		{81D1CEE8-5C8D-4FE8-81A0-7FADE52FC482}.Release|Any CPU.ActiveCfg = Release|Any CPU
		{81D1CEE8-5C8D-4FE8-81A0-7FADE52FC482}.Release|Any CPU.Build.0 = Release|Any CPU
		{AEF49593-21F4-4FD0-BDDE-53FDE3658F4B}.Debug|Any CPU.ActiveCfg = Debug|Any CPU
		{AEF49593-21F4-4FD0-BDDE-53FDE3658F4B}.Debug|Any CPU.Build.0 = Debug|Any CPU
		{AEF49593-21F4-4FD0-BDDE-53FDE3658F4B}.Release|Any CPU.ActiveCfg = Release|Any CPU
		{AEF49593-21F4-4FD0-BDDE-53FDE3658F4B}.Release|Any CPU.Build.0 = Release|Any CPU
		{CAA5B967-6B1C-4468-8FF7-4BCE3D38087E}.Debug|Any CPU.ActiveCfg = Debug|Any CPU
		{CAA5B967-6B1C-4468-8FF7-4BCE3D38087E}.Debug|Any CPU.Build.0 = Debug|Any CPU
		{CAA5B967-6B1C-4468-8FF7-4BCE3D38087E}.Release|Any CPU.ActiveCfg = Release|Any CPU
		{CAA5B967-6B1C-4468-8FF7-4BCE3D38087E}.Release|Any CPU.Build.0 = Release|Any CPU
		{5F0AAF8C-9147-4F61-8D1B-8C6D80F8C659}.Debug|Any CPU.ActiveCfg = Debug|Any CPU
		{5F0AAF8C-9147-4F61-8D1B-8C6D80F8C659}.Debug|Any CPU.Build.0 = Debug|Any CPU
		{5F0AAF8C-9147-4F61-8D1B-8C6D80F8C659}.Release|Any CPU.ActiveCfg = Release|Any CPU
		{5F0AAF8C-9147-4F61-8D1B-8C6D80F8C659}.Release|Any CPU.Build.0 = Release|Any CPU
		{0AF4C9FA-B9D4-481F-A488-0F7CCFB31C2B}.Debug|Any CPU.ActiveCfg = Debug|Any CPU
		{0AF4C9FA-B9D4-481F-A488-0F7CCFB31C2B}.Debug|Any CPU.Build.0 = Debug|Any CPU
		{0AF4C9FA-B9D4-481F-A488-0F7CCFB31C2B}.Release|Any CPU.ActiveCfg = Release|Any CPU
		{0AF4C9FA-B9D4-481F-A488-0F7CCFB31C2B}.Release|Any CPU.Build.0 = Release|Any CPU
		{D1A7895C-D8EA-4A1D-A1C5-767BEEFD784E}.Debug|Any CPU.ActiveCfg = Debug|Any CPU
		{D1A7895C-D8EA-4A1D-A1C5-767BEEFD784E}.Debug|Any CPU.Build.0 = Debug|Any CPU
		{D1A7895C-D8EA-4A1D-A1C5-767BEEFD784E}.Release|Any CPU.ActiveCfg = Release|Any CPU
		{D1A7895C-D8EA-4A1D-A1C5-767BEEFD784E}.Release|Any CPU.Build.0 = Release|Any CPU
		{F9F6850B-B3B9-4EF2-9E5F-0BE592A02CC9}.Debug|Any CPU.ActiveCfg = Debug|Any CPU
		{F9F6850B-B3B9-4EF2-9E5F-0BE592A02CC9}.Debug|Any CPU.Build.0 = Debug|Any CPU
		{F9F6850B-B3B9-4EF2-9E5F-0BE592A02CC9}.Release|Any CPU.ActiveCfg = Release|Any CPU
		{F9F6850B-B3B9-4EF2-9E5F-0BE592A02CC9}.Release|Any CPU.Build.0 = Release|Any CPU
		{23820A43-7446-4424-9B4C-F21CEE755B16}.Debug|Any CPU.ActiveCfg = Debug|Any CPU
		{23820A43-7446-4424-9B4C-F21CEE755B16}.Debug|Any CPU.Build.0 = Debug|Any CPU
		{23820A43-7446-4424-9B4C-F21CEE755B16}.Release|Any CPU.ActiveCfg = Release|Any CPU
		{23820A43-7446-4424-9B4C-F21CEE755B16}.Release|Any CPU.Build.0 = Release|Any CPU
	EndGlobalSection
	GlobalSection(SolutionProperties) = preSolution
		HideSolutionNode = FALSE
	EndGlobalSection
	GlobalSection(ExtensibilityGlobals) = postSolution
		SolutionGuid = {EE36790C-641C-4966-91E5-9A77FEFD85A1}
	EndGlobalSection
EndGlobal
